
Microsoft Visual Studio Solution File, Format Version 12.00
# Visual Studio Version 16
VisualStudioVersion = 16.0.30413.136
MinimumVisualStudioVersion = 10.0.40219.1
Project("{FAE04EC0-301F-11D3-BF4B-00C04F79EFBC}") = "Cis174-CoreApp2", "Cis174-CoreApp2\Cis174-CoreApp2.csproj", "{A122C705-55A4-42E7-8ACC-6F461CD93BFA}"
EndProject
Global
	GlobalSection(SolutionConfigurationPlatforms) = preSolution
		Debug|Any CPU = Debug|Any CPU
		Release|Any CPU = Release|Any CPU
	EndGlobalSection
	GlobalSection(ProjectConfigurationPlatforms) = postSolution
		{A122C705-55A4-42E7-8ACC-6F461CD93BFA}.Debug|Any CPU.ActiveCfg = Debug|Any CPU
		{A122C705-55A4-42E7-8ACC-6F461CD93BFA}.Debug|Any CPU.Build.0 = Debug|Any CPU
		{A122C705-55A4-42E7-8ACC-6F461CD93BFA}.Release|Any CPU.ActiveCfg = Release|Any CPU
		{A122C705-55A4-42E7-8ACC-6F461CD93BFA}.Release|Any CPU.Build.0 = Release|Any CPU
	EndGlobalSection
	GlobalSection(SolutionProperties) = preSolution
		HideSolutionNode = FALSE
	EndGlobalSection
	GlobalSection(ExtensibilityGlobals) = postSolution
		SolutionGuid = {18C0768B-7891-4C73-BC43-0BD04DEA510C}
	EndGlobalSection
EndGlobal
